
Microsoft Visual Studio Solution File, Format Version 12.00
# Visual Studio Version 17
VisualStudioVersion = 17.2.32427.441
MinimumVisualStudioVersion = 10.0.40219.1
Project("{9A19103F-16F7-4668-BE54-9A1E7A4F7556}") = "WebbAppsLabb4_MVC", "WebbAppsLabb4_MVC\WebbAppsLabb4_MVC.csproj", "{26EE99E7-CA1A-455B-8551-7B0BE340B2FB}"
EndProject
Project("{9A19103F-16F7-4668-BE54-9A1E7A4F7556}") = "Domain", "Domain\Domain.csproj", "{414FFBFA-273E-430D-9A70-9D423BD00415}"
EndProject
Project("{9A19103F-16F7-4668-BE54-9A1E7A4F7556}") = "Shared", "Shared\Shared.csproj", "{DCC1EC1F-5C74-4BEC-85BD-1062CE7DD5CC}"
EndProject
Global
	GlobalSection(SolutionConfigurationPlatforms) = preSolution
		Debug|Any CPU = Debug|Any CPU
		Release|Any CPU = Release|Any CPU
	EndGlobalSection
	GlobalSection(ProjectConfigurationPlatforms) = postSolution
		{26EE99E7-CA1A-455B-8551-7B0BE340B2FB}.Debug|Any CPU.ActiveCfg = Debug|Any CPU
		{26EE99E7-CA1A-455B-8551-7B0BE340B2FB}.Debug|Any CPU.Build.0 = Debug|Any CPU
		{26EE99E7-CA1A-455B-8551-7B0BE340B2FB}.Release|Any CPU.ActiveCfg = Release|Any CPU
		{26EE99E7-CA1A-455B-8551-7B0BE340B2FB}.Release|Any CPU.Build.0 = Release|Any CPU
		{414FFBFA-273E-430D-9A70-9D423BD00415}.Debug|Any CPU.ActiveCfg = Debug|Any CPU
		{414FFBFA-273E-430D-9A70-9D423BD00415}.Debug|Any CPU.Build.0 = Debug|Any CPU
		{414FFBFA-273E-430D-9A70-9D423BD00415}.Release|Any CPU.ActiveCfg = Release|Any CPU
		{414FFBFA-273E-430D-9A70-9D423BD00415}.Release|Any CPU.Build.0 = Release|Any CPU
		{DCC1EC1F-5C74-4BEC-85BD-1062CE7DD5CC}.Debug|Any CPU.ActiveCfg = Debug|Any CPU
		{DCC1EC1F-5C74-4BEC-85BD-1062CE7DD5CC}.Debug|Any CPU.Build.0 = Debug|Any CPU
		{DCC1EC1F-5C74-4BEC-85BD-1062CE7DD5CC}.Release|Any CPU.ActiveCfg = Release|Any CPU
		{DCC1EC1F-5C74-4BEC-85BD-1062CE7DD5CC}.Release|Any CPU.Build.0 = Release|Any CPU
	EndGlobalSection
	GlobalSection(SolutionProperties) = preSolution
		HideSolutionNode = FALSE
	EndGlobalSection
	GlobalSection(ExtensibilityGlobals) = postSolution
		SolutionGuid = {E3AC3059-A132-4213-9001-CA8072D784BA}
	EndGlobalSection
EndGlobal
